
Microsoft Visual Studio Solution File, Format Version 12.00
# Visual Studio Version 16
VisualStudioVersion = 16.0.30907.101
MinimumVisualStudioVersion = 10.0.40219.1
Project("{9A19103F-16F7-4668-BE54-9A1E7A4F7556}") = "KcsWriteLog", "KcsWriteLog.csproj", "{4703F16A-3B30-460C-9D81-1635A18BEF8D}"
EndProject
Project("{9A19103F-16F7-4668-BE54-9A1E7A4F7556}") = "QLearningProject", "..\QLearning\QLearningProject.csproj", "{202E0779-BBF6-4616-9772-C163DBDB9DB8}"
EndProject
Project("{FAE04EC0-301F-11D3-BF4B-00C04F79EFBC}") = "ThongKe", "..\ThongKe\ThongKe.csproj", "{D08EB2BE-1398-4649-BA6A-F5C8117A3E52}"
EndProject
Global
	GlobalSection(SolutionConfigurationPlatforms) = preSolution
		Debug|Any CPU = Debug|Any CPU
		Release|Any CPU = Release|Any CPU
	EndGlobalSection
	GlobalSection(ProjectConfigurationPlatforms) = postSolution
		{4703F16A-3B30-460C-9D81-1635A18BEF8D}.Debug|Any CPU.ActiveCfg = Debug|Any CPU
		{4703F16A-3B30-460C-9D81-1635A18BEF8D}.Debug|Any CPU.Build.0 = Debug|Any CPU
		{4703F16A-3B30-460C-9D81-1635A18BEF8D}.Release|Any CPU.ActiveCfg = Release|Any CPU
		{4703F16A-3B30-460C-9D81-1635A18BEF8D}.Release|Any CPU.Build.0 = Release|Any CPU
		{202E0779-BBF6-4616-9772-C163DBDB9DB8}.Debug|Any CPU.ActiveCfg = Debug|Any CPU
		{202E0779-BBF6-4616-9772-C163DBDB9DB8}.Debug|Any CPU.Build.0 = Debug|Any CPU
		{202E0779-BBF6-4616-9772-C163DBDB9DB8}.Release|Any CPU.ActiveCfg = Release|Any CPU
		{202E0779-BBF6-4616-9772-C163DBDB9DB8}.Release|Any CPU.Build.0 = Release|Any CPU
		{D08EB2BE-1398-4649-BA6A-F5C8117A3E52}.Debug|Any CPU.ActiveCfg = Debug|Any CPU
		{D08EB2BE-1398-4649-BA6A-F5C8117A3E52}.Debug|Any CPU.Build.0 = Debug|Any CPU
		{D08EB2BE-1398-4649-BA6A-F5C8117A3E52}.Release|Any CPU.ActiveCfg = Release|Any CPU
		{D08EB2BE-1398-4649-BA6A-F5C8117A3E52}.Release|Any CPU.Build.0 = Release|Any CPU
	EndGlobalSection
	GlobalSection(SolutionProperties) = preSolution
		HideSolutionNode = FALSE
	EndGlobalSection
	GlobalSection(ExtensibilityGlobals) = postSolution
		SolutionGuid = {627FBF29-BB59-41A3-A281-23E6FD6DD860}
	EndGlobalSection
EndGlobal
